
Microsoft Visual Studio Solution File, Format Version 12.00
# Visual Studio Version 16
VisualStudioVersion = 16.0.30907.101
MinimumVisualStudioVersion = 10.0.40219.1
Project("{FAE04EC0-301F-11D3-BF4B-00C04F79EFBC}") = "Exam_AdamBrennan_82094_", "Exam_AdamBrennan_82094_\Exam_AdamBrennan_82094_.csproj", "{42D5038C-85B3-47E9-95A7-0D748D5FA05D}"
EndProject
Global
	GlobalSection(SolutionConfigurationPlatforms) = preSolution
		Debug|Any CPU = Debug|Any CPU
		Release|Any CPU = Release|Any CPU
	EndGlobalSection
	GlobalSection(ProjectConfigurationPlatforms) = postSolution
		{42D5038C-85B3-47E9-95A7-0D748D5FA05D}.Debug|Any CPU.ActiveCfg = Debug|Any CPU
		{42D5038C-85B3-47E9-95A7-0D748D5FA05D}.Debug|Any CPU.Build.0 = Debug|Any CPU
		{42D5038C-85B3-47E9-95A7-0D748D5FA05D}.Release|Any CPU.ActiveCfg = Release|Any CPU
		{42D5038C-85B3-47E9-95A7-0D748D5FA05D}.Release|Any CPU.Build.0 = Release|Any CPU
	EndGlobalSection
	GlobalSection(SolutionProperties) = preSolution
		HideSolutionNode = FALSE
	EndGlobalSection
	GlobalSection(ExtensibilityGlobals) = postSolution
		SolutionGuid = {B82731D0-9EA8-4BA7-AD50-0E1D86ED52A9}
	EndGlobalSection
EndGlobal
